// !$*UTF8*$!
{
	archiveVersion = 1;
	classes = {
	};
	objectVersion = 50;
	objects = {

/* Begin PBXBuildFile section */
		CE53D82F232A075800D1657B /* GK701Retainer.cpp in Sources */ = {isa = PBXBuildFile; fileRef = CE53D82D232A075800D1657B /* GK701Retainer.cpp */; };
		CE53D830232A075800D1657B /* GK701Retainer.hpp in Headers */ = {isa = PBXBuildFile; fileRef = CE53D82E232A075800D1657B /* GK701Retainer.hpp */; };
		CEDE2A8E2114D69800AA3FD8 /* GK701HIDDevice.hpp in Headers */ = {isa = PBXBuildFile; fileRef = CEDE2A8D2114D69800AA3FD8 /* GK701HIDDevice.hpp */; };
		CEDE2A902114D69800AA3FD8 /* GK701HIDDevice.cpp in Sources */ = {isa = PBXBuildFile; fileRef = CEDE2A8F2114D69800AA3FD8 /* GK701HIDDevice.cpp */; };
/* End PBXBuildFile section */

/* Begin PBXFileReference section */
		CE53D82D232A075800D1657B /* GK701Retainer.cpp */ = {isa = PBXFileReference; fileEncoding = 4; lastKnownFileType = sourcecode.cpp.cpp; path = GK701Retainer.cpp; sourceTree = "<group>"; };
		CE53D82E232A075800D1657B /* GK701Retainer.hpp */ = {isa = PBXFileReference; fileEncoding = 4; lastKnownFileType = sourcecode.cpp.h; path = GK701Retainer.hpp; sourceTree = "<group>"; };
		CEDE2A8A2114D69800AA3FD8 /* GK701HIDDevice.kext */ = {isa = PBXFileReference; explicitFileType = wrapper.cfbundle; includeInIndex = 0; path = GK701HIDDevice.kext; sourceTree = BUILT_PRODUCTS_DIR; };
		CEDE2A8D2114D69800AA3FD8 /* GK701HIDDevice.hpp */ = {isa = PBXFileReference; lastKnownFileType = sourcecode.cpp.h; path = GK701HIDDevice.hpp; sourceTree = "<group>"; };
		CEDE2A8F2114D69800AA3FD8 /* GK701HIDDevice.cpp */ = {isa = PBXFileReference; lastKnownFileType = sourcecode.cpp.cpp; path = GK701HIDDevice.cpp; sourceTree = "<group>"; };
		CEDE2A912114D69800AA3FD8 /* Info.plist */ = {isa = PBXFileReference; lastKnownFileType = text.plist.xml; path = Info.plist; sourceTree = "<group>"; };
/* End PBXFileReference section */

/* Begin PBXFrameworksBuildPhase section */
		CEDE2A872114D69800AA3FD8 /* Frameworks */ = {
			isa = PBXFrameworksBuildPhase;
			buildActionMask = 2147483647;
			files = (
			);
			runOnlyForDeploymentPostprocessing = 0;
		};
/* End PBXFrameworksBuildPhase section */

/* Begin PBXGroup section */
		CEDE2A802114D69700AA3FD8 = {
			isa = PBXGroup;
			children = (
				CEDE2A8C2114D69800AA3FD8 /* GK701HIDDevice */,
				CEDE2A8B2114D69800AA3FD8 /* Products */,
			);
			sourceTree = "<group>";
		};
		CEDE2A8B2114D69800AA3FD8 /* Products */ = {
			isa = PBXGroup;
			children = (
				CEDE2A8A2114D69800AA3FD8 /* GK701HIDDevice.kext */,
			);
			name = Products;
			sourceTree = "<group>";
		};
		CEDE2A8C2114D69800AA3FD8 /* GK701HIDDevice */ = {
			isa = PBXGroup;
			children = (
				CE53D82D232A075800D1657B /* GK701Retainer.cpp */,
				CE53D82E232A075800D1657B /* GK701Retainer.hpp */,
				CEDE2A8D2114D69800AA3FD8 /* GK701HIDDevice.hpp */,
				CEDE2A8F2114D69800AA3FD8 /* GK701HIDDevice.cpp */,
				CEDE2A912114D69800AA3FD8 /* Info.plist */,
			);
			path = GK701HIDDevice;
			sourceTree = "<group>";
		};
/* End PBXGroup section */

/* Begin PBXHeadersBuildPhase section */
		CEDE2A852114D69800AA3FD8 /* Headers */ = {
			isa = PBXHeadersBuildPhase;
			buildActionMask = 2147483647;
			files = (
				CEDE2A8E2114D69800AA3FD8 /* GK701HIDDevice.hpp in Headers */,
				CE53D830232A075800D1657B /* GK701Retainer.hpp in Headers */,
			);
			runOnlyForDeploymentPostprocessing = 0;
		};
/* End PBXHeadersBuildPhase section */

/* Begin PBXNativeTarget section */
		CEDE2A892114D69800AA3FD8 /* GK701HIDDevice */ = {
			isa = PBXNativeTarget;
			buildConfigurationList = CEDE2A942114D69800AA3FD8 /* Build configuration list for PBXNativeTarget "GK701HIDDevice" */;
			buildPhases = (
				CEDE2A852114D69800AA3FD8 /* Headers */,
				CEDE2A862114D69800AA3FD8 /* Sources */,
				CEDE2A872114D69800AA3FD8 /* Frameworks */,
				CEDE2A882114D69800AA3FD8 /* Resources */,
			);
			buildRules = (
			);
			dependencies = (
			);
			name = GK701HIDDevice;
			productName = GK701HIDDevice;
			productReference = CEDE2A8A2114D69800AA3FD8 /* GK701HIDDevice.kext */;
			productType = "com.apple.product-type.kernel-extension";
		};
/* End PBXNativeTarget section */

/* Begin PBXProject section */
		CEDE2A812114D69700AA3FD8 /* Project object */ = {
			isa = PBXProject;
			attributes = {
				LastUpgradeCheck = 1000;
				ORGANIZATIONNAME = Test;
				TargetAttributes = {
					CEDE2A892114D69800AA3FD8 = {
						CreatedOnToolsVersion = 10.0;
					};
				};
			};
			buildConfigurationList = CEDE2A842114D69700AA3FD8 /* Build configuration list for PBXProject "GK701HIDDevice" */;
			compatibilityVersion = "Xcode 9.3";
			developmentRegion = en;
			hasScannedForEncodings = 0;
			knownRegions = (
				en,
			);
			mainGroup = CEDE2A802114D69700AA3FD8;
			productRefGroup = CEDE2A8B2114D69800AA3FD8 /* Products */;
			projectDirPath = "";
			projectRoot = "";
			targets = (
				CEDE2A892114D69800AA3FD8 /* GK701HIDDevice */,
			);
		};
/* End PBXProject section */

/* Begin PBXResourcesBuildPhase section */
		CEDE2A882114D69800AA3FD8 /* Resources */ = {
			isa = PBXResourcesBuildPhase;
			buildActionMask = 2147483647;
			files = (
			);
			runOnlyForDeploymentPostprocessing = 0;
		};
/* End PBXResourcesBuildPhase section */

/* Begin PBXSourcesBuildPhase section */
		CEDE2A862114D69800AA3FD8 /* Sources */ = {
			isa = PBXSourcesBuildPhase;
			buildActionMask = 2147483647;
			files = (
				CE53D82F232A075800D1657B /* GK701Retainer.cpp in Sources */,
				CEDE2A902114D69800AA3FD8 /* GK701HIDDevice.cpp in Sources */,
			);
			runOnlyForDeploymentPostprocessing = 0;
		};
/* End PBXSourcesBuildPhase section */

/* Begin XCBuildConfiguration section */
		CEDE2A922114D69800AA3FD8 /* Debug */ = {
			isa = XCBuildConfiguration;
			buildSettings = {
				ALWAYS_SEARCH_USER_PATHS = NO;
				CLANG_ANALYZER_NONNULL = YES;
				CLANG_ANALYZER_NUMBER_OBJECT_CONVERSION = YES_AGGRESSIVE;
				CLANG_CXX_LANGUAGE_STANDARD = "gnu++14";
				CLANG_CXX_LIBRARY = "libc++";
				CLANG_ENABLE_MODULES = YES;
				CLANG_ENABLE_OBJC_ARC = YES;
				CLANG_ENABLE_OBJC_WEAK = YES;
				CLANG_WARN_BLOCK_CAPTURE_AUTORELEASING = YES;
				CLANG_WARN_BOOL_CONVERSION = YES;
				CLANG_WARN_COMMA = YES;
				CLANG_WARN_CONSTANT_CONVERSION = YES;
				CLANG_WARN_DEPRECATED_OBJC_IMPLEMENTATIONS = YES;
				CLANG_WARN_DIRECT_OBJC_ISA_USAGE = YES_ERROR;
				CLANG_WARN_DOCUMENTATION_COMMENTS = YES;
				CLANG_WARN_EMPTY_BODY = YES;
				CLANG_WARN_ENUM_CONVERSION = YES;
				CLANG_WARN_INFINITE_RECURSION = YES;
				CLANG_WARN_INT_CONVERSION = YES;
				CLANG_WARN_NON_LITERAL_NULL_CONVERSION = YES;
				CLANG_WARN_OBJC_IMPLICIT_RETAIN_SELF = YES;
				CLANG_WARN_OBJC_LITERAL_CONVERSION = YES;
				CLANG_WARN_OBJC_ROOT_CLASS = YES_ERROR;
				CLANG_WARN_RANGE_LOOP_ANALYSIS = YES;
				CLANG_WARN_STRICT_PROTOTYPES = YES;
				CLANG_WARN_SUSPICIOUS_MOVE = YES;
				CLANG_WARN_UNGUARDED_AVAILABILITY = YES_AGGRESSIVE;
				CLANG_WARN_UNREACHABLE_CODE = YES;
				CLANG_WARN__DUPLICATE_METHOD_MATCH = YES;
				CODE_SIGN_IDENTITY = "-";
				COPY_PHASE_STRIP = NO;
				DEBUG_INFORMATION_FORMAT = dwarf;
				ENABLE_STRICT_OBJC_MSGSEND = YES;
				ENABLE_TESTABILITY = YES;
				GCC_C_LANGUAGE_STANDARD = gnu11;
				GCC_DYNAMIC_NO_PIC = NO;
				GCC_NO_COMMON_BLOCKS = YES;
				GCC_OPTIMIZATION_LEVEL = 0;
				GCC_PREPROCESSOR_DEFINITIONS = (
					"DEBUG=1",
					"$(inherited)",
				);
				GCC_WARN_64_TO_32_BIT_CONVERSION = YES;
				GCC_WARN_ABOUT_RETURN_TYPE = YES_ERROR;
				GCC_WARN_UNDECLARED_SELECTOR = YES;
				GCC_WARN_UNINITIALIZED_AUTOS = YES_AGGRESSIVE;
				GCC_WARN_UNUSED_FUNCTION = YES;
				GCC_WARN_UNUSED_VARIABLE = YES;
				MACOSX_DEPLOYMENT_TARGET = 10.13;
				MTL_ENABLE_DEBUG_INFO = INCLUDE_SOURCE;
				MTL_FAST_MATH = YES;
				ONLY_ACTIVE_ARCH = YES;
				SDKROOT = macosx;
			};
			name = Debug;
		};
		CEDE2A932114D69800AA3FD8 /* Release */ = {
			isa = XCBuildConfiguration;
			buildSettings = {
				ALWAYS_SEARCH_USER_PATHS = NO;
				CLANG_ANALYZER_NONNULL = YES;
				CLANG_ANALYZER_NUMBER_OBJECT_CONVERSION = YES_AGGRESSIVE;
				CLANG_CXX_LANGUAGE_STANDARD = "gnu++14";
				CLANG_CXX_LIBRARY = "libc++";
				CLANG_ENABLE_MODULES = YES;
				CLANG_ENABLE_OBJC_ARC = YES;
				CLANG_ENABLE_OBJC_WEAK = YES;
				CLANG_WARN_BLOCK_CAPTURE_AUTORELEASING = YES;
				CLANG_WARN_BOOL_CONVERSION = YES;
				CLANG_WARN_COMMA = YES;
				CLANG_WARN_CONSTANT_CONVERSION = YES;
				CLANG_WARN_DEPRECATED_OBJC_IMPLEMENTATIONS = YES;
				CLANG_WARN_DIRECT_OBJC_ISA_USAGE = YES_ERROR;
				CLANG_WARN_DOCUMENTATION_COMMENTS = YES;
				CLANG_WARN_EMPTY_BODY = YES;
				CLANG_WARN_ENUM_CONVERSION = YES;
				CLANG_WARN_INFINITE_RECURSION = YES;
				CLANG_WARN_INT_CONVERSION = YES;
				CLANG_WARN_NON_LITERAL_NULL_CONVERSION = YES;
				CLANG_WARN_OBJC_IMPLICIT_RETAIN_SELF = YES;
				CLANG_WARN_OBJC_LITERAL_CONVERSION = YES;
				CLANG_WARN_OBJC_ROOT_CLASS = YES_ERROR;
				CLANG_WARN_RANGE_LOOP_ANALYSIS = YES;
				CLANG_WARN_STRICT_PROTOTYPES = YES;
				CLANG_WARN_SUSPICIOUS_MOVE = YES;
				CLANG_WARN_UNGUARDED_AVAILABILITY = YES_AGGRESSIVE;
				CLANG_WARN_UNREACHABLE_CODE = YES;
				CLANG_WARN__DUPLICATE_METHOD_MATCH = YES;
				CODE_SIGN_IDENTITY = "-";
				COPY_PHASE_STRIP = NO;
				DEBUG_INFORMATION_FORMAT = "dwarf-with-dsym";
				ENABLE_NS_ASSERTIONS = NO;
				ENABLE_STRICT_OBJC_MSGSEND = YES;
				GCC_C_LANGUAGE_STANDARD = gnu11;
				GCC_NO_COMMON_BLOCKS = YES;
				GCC_WARN_64_TO_32_BIT_CONVERSION = YES;
				GCC_WARN_ABOUT_RETURN_TYPE = YES_ERROR;
				GCC_WARN_UNDECLARED_SELECTOR = YES;
				GCC_WARN_UNINITIALIZED_AUTOS = YES_AGGRESSIVE;
				GCC_WARN_UNUSED_FUNCTION = YES;
				GCC_WARN_UNUSED_VARIABLE = YES;
				MACOSX_DEPLOYMENT_TARGET = 10.13;
				MTL_ENABLE_DEBUG_INFO = NO;
				MTL_FAST_MATH = YES;
				SDKROOT = macosx;
			};
			name = Release;
		};
		CEDE2A952114D69800AA3FD8 /* Debug */ = {
			isa = XCBuildConfiguration;
			buildSettings = {
				CODE_SIGN_IDENTITY = "";
				COMBINE_HIDPI_IMAGES = YES;
				CURRENT_PROJECT_VERSION = 1.0.0d1;
				DEVELOPMENT_TEAM = "";
				INFOPLIST_FILE = GK701HIDDevice/Info.plist;
				MODULE_NAME = "$(PRODUCT_BUNDLE_IDENTIFIER)";
				MODULE_VERSION = 1.0.0d1;
				PRODUCT_BUNDLE_IDENTIFIER = com.msi.GK701HIDDevice;
				PRODUCT_NAME = "$(TARGET_NAME)";
				PROVISIONING_PROFILE_SPECIFIER = "";
				WRAPPER_EXTENSION = kext;
			};
			name = Debug;
		};
		CEDE2A962114D69800AA3FD8 /* Release */ = {
			isa = XCBuildConfiguration;
			buildSettings = {
				CODE_SIGN_IDENTITY = "";
				COMBINE_HIDPI_IMAGES = YES;
				CURRENT_PROJECT_VERSION = 1.0.0d1;
				DEVELOPMENT_TEAM = "";
				INFOPLIST_FILE = GK701HIDDevice/Info.plist;
				MODULE_NAME = "$(PRODUCT_BUNDLE_IDENTIFIER)";
				MODULE_VERSION = 1.0.0d1;
				PRODUCT_BUNDLE_IDENTIFIER = com.msi.GK701HIDDevice;
				PRODUCT_NAME = "$(TARGET_NAME)";
				PROVISIONING_PROFILE_SPECIFIER = "";
				WRAPPER_EXTENSION = kext;
			};
			name = Release;
		};
/* End XCBuildConfiguration section */

/* Begin XCConfigurationList section */
		CEDE2A842114D69700AA3FD8 /* Build configuration list for PBXProject "GK701HIDDevice" */ = {
			isa = XCConfigurationList;
			buildConfigurations = (
				CEDE2A922114D69800AA3FD8 /* Debug */,
				CEDE2A932114D69800AA3FD8 /* Release */,
			);
			defaultConfigurationIsVisible = 0;
			defaultConfigurationName = Release;
		};
		CEDE2A942114D69800AA3FD8 /* Build configuration list for PBXNativeTarget "GK701HIDDevice" */ = {
			isa = XCConfigurationList;
			buildConfigurations = (
				CEDE2A952114D69800AA3FD8 /* Debug */,
				CEDE2A962114D69800AA3FD8 /* Release */,
			);
			defaultConfigurationIsVisible = 0;
			defaultConfigurationName = Release;
		};
/* End XCConfigurationList section */
	};
	rootObject = CEDE2A812114D69700AA3FD8 /* Project object */;
}
